
Microsoft Visual Studio Solution File, Format Version 12.00
# Visual Studio Version 17
VisualStudioVersion = 17.6.33815.320
MinimumVisualStudioVersion = 10.0.40219.1
Project("{FAE04EC0-301F-11D3-BF4B-00C04F79EFBC}") = "MultiThreadApp", "MultiThreadApp\MultiThreadApp.csproj", "{FD0B28F1-C560-4D27-BF35-AA2F6A5B26F2}"
EndProject
Global
	GlobalSection(SolutionConfigurationPlatforms) = preSolution
		Debug|Any CPU = Debug|Any CPU
		Release|Any CPU = Release|Any CPU
	EndGlobalSection
	GlobalSection(ProjectConfigurationPlatforms) = postSolution
		{FD0B28F1-C560-4D27-BF35-AA2F6A5B26F2}.Debug|Any CPU.ActiveCfg = Debug|Any CPU
		{FD0B28F1-C560-4D27-BF35-AA2F6A5B26F2}.Debug|Any CPU.Build.0 = Debug|Any CPU
		{FD0B28F1-C560-4D27-BF35-AA2F6A5B26F2}.Release|Any CPU.ActiveCfg = Release|Any CPU
		{FD0B28F1-C560-4D27-BF35-AA2F6A5B26F2}.Release|Any CPU.Build.0 = Release|Any CPU
	EndGlobalSection
	GlobalSection(SolutionProperties) = preSolution
		HideSolutionNode = FALSE
	EndGlobalSection
	GlobalSection(ExtensibilityGlobals) = postSolution
		SolutionGuid = {80AD8968-EAD9-4156-949D-5CEB81A8FD5F}
	EndGlobalSection
EndGlobal
